
Microsoft Visual Studio Solution File, Format Version 12.00
# Visual Studio 14
VisualStudioVersion = 14.0.25420.1
MinimumVisualStudioVersion = 10.0.40219.1
Project("{FAE04EC0-301F-11D3-BF4B-00C04F79EFBC}") = "ChildCare", "ChildCare.csproj", "{38E36FE5-2548-4284-902F-62C288408C18}"
EndProject
Project("{FAE04EC0-301F-11D3-BF4B-00C04F79EFBC}") = "ChildCare.Administration", "ChildCare.Administration\ChildCare.Administration.csproj", "{EB0FE3BC-D45A-4AE0-8814-C2544FE792F2}"
EndProject
Project("{FAE04EC0-301F-11D3-BF4B-00C04F79EFBC}") = "ChildCare.Common", "ChildCare.Common\ChildCare.Common.csproj", "{463BB007-714F-49F2-BB21-E03E6B8CCAEF}"
EndProject
Global
	GlobalSection(SolutionConfigurationPlatforms) = preSolution
		Debug|Any CPU = Debug|Any CPU
		Release|Any CPU = Release|Any CPU
	EndGlobalSection
	GlobalSection(ProjectConfigurationPlatforms) = postSolution
		{38E36FE5-2548-4284-902F-62C288408C18}.Debug|Any CPU.ActiveCfg = Debug|Any CPU
		{38E36FE5-2548-4284-902F-62C288408C18}.Debug|Any CPU.Build.0 = Debug|Any CPU
		{38E36FE5-2548-4284-902F-62C288408C18}.Release|Any CPU.ActiveCfg = Release|Any CPU
		{38E36FE5-2548-4284-902F-62C288408C18}.Release|Any CPU.Build.0 = Release|Any CPU
		{EB0FE3BC-D45A-4AE0-8814-C2544FE792F2}.Debug|Any CPU.ActiveCfg = Debug|Any CPU
		{EB0FE3BC-D45A-4AE0-8814-C2544FE792F2}.Debug|Any CPU.Build.0 = Debug|Any CPU
		{EB0FE3BC-D45A-4AE0-8814-C2544FE792F2}.Release|Any CPU.ActiveCfg = Release|Any CPU
		{EB0FE3BC-D45A-4AE0-8814-C2544FE792F2}.Release|Any CPU.Build.0 = Release|Any CPU
		{463BB007-714F-49F2-BB21-E03E6B8CCAEF}.Debug|Any CPU.ActiveCfg = Debug|Any CPU
		{463BB007-714F-49F2-BB21-E03E6B8CCAEF}.Debug|Any CPU.Build.0 = Debug|Any CPU
		{463BB007-714F-49F2-BB21-E03E6B8CCAEF}.Release|Any CPU.ActiveCfg = Release|Any CPU
		{463BB007-714F-49F2-BB21-E03E6B8CCAEF}.Release|Any CPU.Build.0 = Release|Any CPU
	EndGlobalSection
	GlobalSection(SolutionProperties) = preSolution
		HideSolutionNode = FALSE
	EndGlobalSection
EndGlobal
